<?xml version="1.0" encoding="utf-8"?>
<Project ToolsVersion="4.0" xmlns="http://schemas.microsoft.com/developer/msbuild/2003">
  <ItemGroup>
    <Filter Include="Source Files">
      <UniqueIdentifier>{4FC737F1-C7A5-4376-A066-2A32D752A2FF}</UniqueIdentifier>
      <Extensions>cpp;c;cc;cxx;def;odl;idl;hpj;bat;asm;asmx</Extensions>
    </Filter>
    <Filter Include="Header Files">
      <UniqueIdentifier>{93995380-89BD-4b04-88EB-625FBE52EBFB}</UniqueIdentifier>
      <Extensions>
      </Extensions>
    </Filter>
    <Filter Include="Resource Files">
      <UniqueIdentifier>{67DA6AB6-F800-4c08-8B7A-83BB121AAD01}</UniqueIdentifier>
      <Extensions>rc;ico;cur;bmp;dlg;rc2;rct;bin;rgs;gif;jpg;jpeg;jpe;resx;tiff;tif;png;wav;mfcribbon-ms</Extensions>
    </Filter>
  </ItemGroup>
  <ItemGroup>
    <ClCompile Include="Main.cpp">
      <Filter>Source Files</Filter>
    </ClCompile>
    <ClCompile Include="stdafx.cpp">
      <Filter>Source Files</Filter>
    </ClCompile>
    <ClCompile Include="Render\OglRenderer.cpp">
      <Filter>Source Files</Filter>
    </ClCompile>
    <ClCompile Include="Render\OpenGl.cpp">
      <Filter>Source Files</Filter>
    </ClCompile>
    <ClCompile Include="Render\RenderSystem.cpp">
      <Filter>Source Files</Filter>
    </ClCompile>
    <ClCompile Include="Render\TextureManager.cpp">
      <Filter>Source Files</Filter>
    </ClCompile>
    <ClCompile Include="Render\RenderComponent.cpp">
      <Filter>Source Files</Filter>
    </ClCompile>
    <ClCompile Include="Input\InputSystem.cpp">
      <Filter>Source Files</Filter>
    </ClCompile>
    <ClCompile Include="Utils\Logger.cpp">
      <Filter>Source Files</Filter>
    </ClCompile>
    <ClCompile Include="Core\GameObject.cpp">
      <Filter>Source Files</Filter>
    </ClCompile>
    <ClCompile Include="Core\Transform.cpp">
      <Filter>Source Files</Filter>
    </ClCompile>
    <ClCompile Include="Render\Shader.cpp">
      <Filter>Source Files</Filter>
    </ClCompile>
    <ClCompile Include="Render\ShaderProgram.cpp">
      <Filter>Source Files</Filter>
    </ClCompile>
    <ClCompile Include="Content\TestScene.cpp">
      <Filter>Source Files</Filter>
    </ClCompile>
    <ClCompile Include="Game.cpp">
      <Filter>Source Files</Filter>
    </ClCompile>
    <ClCompile Include="GameContext.cpp">
      <Filter>Source Files</Filter>
    </ClCompile>
    <ClCompile Include="Content\DummyInputComponent.cpp">
      <Filter>Source Files</Filter>
    </ClCompile>
    <ClCompile Include="Core\Scene.cpp">
      <Filter>Source Files</Filter>
    </ClCompile>
    <ClCompile Include="Input\InputComponent.cpp">
      <Filter>Source Files</Filter>
    </ClCompile>
    <ClCompile Include="FrameListenerComponent.cpp">
      <Filter>Source Files</Filter>
    </ClCompile>
    <ClCompile Include="Physics\PhysicsComponent.cpp">
      <Filter>Source Files</Filter>
    </ClCompile>
    <ClCompile Include="Physics\PhysicsSystem.cpp">
      <Filter>Source Files</Filter>
    </ClCompile>
    <ClCompile Include="Utils\Base64.cpp">
      <Filter>Source Files</Filter>
    </ClCompile>
    <ClCompile Include="Core\TileMap.cpp">
      <Filter>Source Files</Filter>
    </ClCompile>
    <ClCompile Include="Render\TileMapComponent.cpp">
      <Filter>Source Files</Filter>
    </ClCompile>
  </ItemGroup>
  <ItemGroup>
    <None Include="Resources\Fonts\comic-sans.png.json" />
    <None Include="Resources\Fonts\arial.fnt" />
    <None Include="Resources\Tiles\base.json" />
    <None Include="Resources\Tiles\base.csv" />
    <None Include="Resources\Tiles\base.tmx" />
  </ItemGroup>
  <ItemGroup>
    <ClInclude Include="stdafx.h">
      <Filter>Header Files</Filter>
    </ClInclude>
    <ClInclude Include="Render\OglRenderer.h">
      <Filter>Header Files</Filter>
    </ClInclude>
    <ClInclude Include="Render\OpenGl.h">
      <Filter>Header Files</Filter>
    </ClInclude>
    <ClInclude Include="Render\RenderSystem.h">
      <Filter>Header Files</Filter>
    </ClInclude>
    <ClInclude Include="Render\Texture.h">
      <Filter>Header Files</Filter>
    </ClInclude>
    <ClInclude Include="Render\TextureManager.h">
      <Filter>Header Files</Filter>
    </ClInclude>
    <ClInclude Include="Render\RenderComponent.h">
      <Filter>Header Files</Filter>
    </ClInclude>
    <ClInclude Include="Input\InputSystem.h">
      <Filter>Header Files</Filter>
    </ClInclude>
    <ClInclude Include="Utils\Logger.h">
      <Filter>Header Files</Filter>
    </ClInclude>
    <ClInclude Include="Utils\Math.h">
      <Filter>Header Files</Filter>
    </ClInclude>
    <ClInclude Include="Core\Component.h">
      <Filter>Header Files</Filter>
    </ClInclude>
    <ClInclude Include="Core\GameObject.h">
      <Filter>Header Files</Filter>
    </ClInclude>
    <ClInclude Include="Core\Transform.h">
      <Filter>Header Files</Filter>
    </ClInclude>
    <ClInclude Include="Render\Shader.h">
      <Filter>Header Files</Filter>
    </ClInclude>
    <ClInclude Include="Render\ShaderProgram.h">
      <Filter>Header Files</Filter>
    </ClInclude>
    <ClInclude Include="Render\Font.h">
      <Filter>Header Files</Filter>
    </ClInclude>
    <ClInclude Include="Utils\BinaryUtils.h">
      <Filter>Header Files</Filter>
    </ClInclude>
    <ClInclude Include="Content\TestScene.h">
      <Filter>Header Files</Filter>
    </ClInclude>
    <ClInclude Include="Core\Core.h" />
    <ClInclude Include="Game.h">
      <Filter>Header Files</Filter>
    </ClInclude>
    <ClInclude Include="GameContext.h" />
    <ClInclude Include="Input\IInputListener.h" />
    <ClInclude Include="Render\TextComponent.h" />
    <ClInclude Include="Utils\Utils.h" />
    <ClInclude Include="Render\Render.h" />
    <ClInclude Include="Physics\Physics.h" />
    <ClInclude Include="Core\ResourceManager.h" />
    <ClInclude Include="Clock.h" />
    <ClInclude Include="NonCopyable.h">
      <Filter>Header Files</Filter>
    </ClInclude>
    <ClInclude Include="Content\DummyInputComponent.h">
      <Filter>Header Files</Filter>
    </ClInclude>
    <ClInclude Include="Input\Input.h" />
    <ClInclude Include="Core\Scene.h">
      <Filter>Header Files</Filter>
    </ClInclude>
    <ClInclude Include="Core\SceneManager.h">
      <Filter>Header Files</Filter>
    </ClInclude>
    <ClInclude Include="Utils\Defines.h" />
    <ClInclude Include="Input\InputComponent.h" />
    <ClInclude Include="IFrameListener.h" />
    <ClInclude Include="FrameListenerComponent.h" />
    <ClInclude Include="Content\RotateComponent.h" />
    <ClInclude Include="Physics\PhysicsComponent.h">
      <Filter>Header Files</Filter>
    </ClInclude>
    <ClInclude Include="Physics\PhysicsSystem.h">
      <Filter>Header Files</Filter>
    </ClInclude>
    <ClInclude Include="Utils\Base64.h" />
    <ClInclude Include="Core\TileMap.h" />
    <ClInclude Include="Render\TileMapComponent.h" />
    <ClInclude Include="Utils\BaseTypes.h" />
    <ClInclude Include="Utils\Functions.h" />
  </ItemGroup>
  <ItemGroup>
    <Image Include="Resources\Textures\font.png">
      <Filter>Resource Files</Filter>
    </Image>
    <Image Include="Resources\Textures\sprite_sheet_test.png">
      <Filter>Resource Files</Filter>
    </Image>
    <Image Include="Resources\Textures\test.bmp">
      <Filter>Resource Files</Filter>
    </Image>
    <Image Include="Resources\Textures\test.png">
      <Filter>Resource Files</Filter>
    </Image>
    <Image Include="Resources\Textures\test.tga" />
    <Image Include="Resources\Fonts\comic-sans.png">
      <Filter>Resource Files</Filter>
    </Image>
    <Image Include="Resources\Fonts\comic_sans.png">
      <Filter>Resource Files</Filter>
    </Image>
    <Image Include="Resources\Textures\test2.png">
      <Filter>Resource Files</Filter>
    </Image>
    <Image Include="Resources\Textures\test3.png">
      <Filter>Resource Files</Filter>
    </Image>
    <Image Include="Resources\Fonts\arial_0.png">
      <Filter>Resource Files</Filter>
    </Image>
    <Image Include="Resources\Tiles\base.png">
      <Filter>Resource Files</Filter>
    </Image>
  </ItemGroup>
  <ItemGroup>
    <Text Include="Resources\Shaders\fragment.glsl" />
    <Text Include="Resources\Shaders\vertex.glsl" />
  </ItemGroup>
  <ItemGroup>
    <Font Include="Resources\Fonts\arial.ttf" />
  </ItemGroup>
</Project>